
Microsoft Visual Studio Solution File, Format Version 12.00
# Visual Studio Version 17
VisualStudioVersion = 17.13.35931.197 d17.13
MinimumVisualStudioVersion = 10.0.40219.1
Project("{FAE04EC0-301F-11D3-BF4B-00C04F79EFBC}") = "TareasMVC", "TareasMVC\TareasMVC.csproj", "{E6E40424-B55F-4FF7-83D3-7FBABB04C29D}"
EndProject
Global
	GlobalSection(SolutionConfigurationPlatforms) = preSolution
		Debug|Any CPU = Debug|Any CPU
		Release|Any CPU = Release|Any CPU
	EndGlobalSection
	GlobalSection(ProjectConfigurationPlatforms) = postSolution
		{E6E40424-B55F-4FF7-83D3-7FBABB04C29D}.Debug|Any CPU.ActiveCfg = Debug|Any CPU
		{E6E40424-B55F-4FF7-83D3-7FBABB04C29D}.Debug|Any CPU.Build.0 = Debug|Any CPU
		{E6E40424-B55F-4FF7-83D3-7FBABB04C29D}.Release|Any CPU.ActiveCfg = Release|Any CPU
		{E6E40424-B55F-4FF7-83D3-7FBABB04C29D}.Release|Any CPU.Build.0 = Release|Any CPU
	EndGlobalSection
	GlobalSection(SolutionProperties) = preSolution
		HideSolutionNode = FALSE
	EndGlobalSection
	GlobalSection(ExtensibilityGlobals) = postSolution
		SolutionGuid = {B3FCB3FA-73B7-460C-9D27-738DBE62A571}
	EndGlobalSection
EndGlobal
